// !$*UTF8*$!
{
	archiveVersion = 1;
	classes = {
	};
	objectVersion = 54;
	objects = {

/* Begin PBXBuildFile section */
		4F21EE40268748050028432E /* AppDelegate.m in Sources */ = {isa = PBXBuildFile; fileRef = 4F21EE3F268748050028432E /* AppDelegate.m */; };
		4F21EE43268748050028432E /* SceneDelegate.m in Sources */ = {isa = PBXBuildFile; fileRef = 4F21EE42268748050028432E /* SceneDelegate.m */; };
		4F21EE46268748050028432E /* ViewController.m in Sources */ = {isa = PBXBuildFile; fileRef = 4F21EE45268748050028432E /* ViewController.m */; };
		4F21EE49268748050028432E /* Main.storyboard in Resources */ = {isa = PBXBuildFile; fileRef = 4F21EE47268748050028432E /* Main.storyboard */; };
		4F21EE4C268748050028432E /* BowTies.xcdatamodeld in Sources */ = {isa = PBXBuildFile; fileRef = 4F21EE4A268748050028432E /* BowTies.xcdatamodeld */; };
		4F21EE4E268748060028432E /* Assets.xcassets in Resources */ = {isa = PBXBuildFile; fileRef = 4F21EE4D268748060028432E /* Assets.xcassets */; };
		4F21EE51268748060028432E /* LaunchScreen.storyboard in Resources */ = {isa = PBXBuildFile; fileRef = 4F21EE4F268748060028432E /* LaunchScreen.storyboard */; };
		4F21EE54268748060028432E /* main.m in Sources */ = {isa = PBXBuildFile; fileRef = 4F21EE53268748060028432E /* main.m */; };
		4F21EE5C268749A70028432E /* ColorAttributeTransformer.m in Sources */ = {isa = PBXBuildFile; fileRef = 4F21EE5B268749A70028432E /* ColorAttributeTransformer.m */; };
		4F21EE5F26874A8E0028432E /* BowTie.m in Sources */ = {isa = PBXBuildFile; fileRef = 4F21EE5E26874A8E0028432E /* BowTie.m */; };
		4F21EE6126875D700028432E /* SampleData.plist in Resources */ = {isa = PBXBuildFile; fileRef = 4F21EE6026875D6F0028432E /* SampleData.plist */; };
/* End PBXBuildFile section */

/* Begin PBXFileReference section */
		4F21EE3B268748050028432E /* BowTies.app */ = {isa = PBXFileReference; explicitFileType = wrapper.application; includeInIndex = 0; path = BowTies.app; sourceTree = BUILT_PRODUCTS_DIR; };
		4F21EE3E268748050028432E /* AppDelegate.h */ = {isa = PBXFileReference; lastKnownFileType = sourcecode.c.h; path = AppDelegate.h; sourceTree = "<group>"; };
		4F21EE3F268748050028432E /* AppDelegate.m */ = {isa = PBXFileReference; lastKnownFileType = sourcecode.c.objc; path = AppDelegate.m; sourceTree = "<group>"; };
		4F21EE41268748050028432E /* SceneDelegate.h */ = {isa = PBXFileReference; lastKnownFileType = sourcecode.c.h; path = SceneDelegate.h; sourceTree = "<group>"; };
		4F21EE42268748050028432E /* SceneDelegate.m */ = {isa = PBXFileReference; lastKnownFileType = sourcecode.c.objc; path = SceneDelegate.m; sourceTree = "<group>"; };
		4F21EE44268748050028432E /* ViewController.h */ = {isa = PBXFileReference; lastKnownFileType = sourcecode.c.h; path = ViewController.h; sourceTree = "<group>"; };
		4F21EE45268748050028432E /* ViewController.m */ = {isa = PBXFileReference; lastKnownFileType = sourcecode.c.objc; path = ViewController.m; sourceTree = "<group>"; };
		4F21EE48268748050028432E /* Base */ = {isa = PBXFileReference; lastKnownFileType = file.storyboard; name = Base; path = Base.lproj/Main.storyboard; sourceTree = "<group>"; };
		4F21EE4B268748050028432E /* BowTies.xcdatamodel */ = {isa = PBXFileReference; lastKnownFileType = wrapper.xcdatamodel; path = BowTies.xcdatamodel; sourceTree = "<group>"; };
		4F21EE4D268748060028432E /* Assets.xcassets */ = {isa = PBXFileReference; lastKnownFileType = folder.assetcatalog; path = Assets.xcassets; sourceTree = "<group>"; };
		4F21EE50268748060028432E /* Base */ = {isa = PBXFileReference; lastKnownFileType = file.storyboard; name = Base; path = Base.lproj/LaunchScreen.storyboard; sourceTree = "<group>"; };
		4F21EE52268748060028432E /* Info.plist */ = {isa = PBXFileReference; lastKnownFileType = text.plist.xml; path = Info.plist; sourceTree = "<group>"; };
		4F21EE53268748060028432E /* main.m */ = {isa = PBXFileReference; lastKnownFileType = sourcecode.c.objc; path = main.m; sourceTree = "<group>"; };
		4F21EE5A268749A70028432E /* ColorAttributeTransformer.h */ = {isa = PBXFileReference; lastKnownFileType = sourcecode.c.h; path = ColorAttributeTransformer.h; sourceTree = "<group>"; };
		4F21EE5B268749A70028432E /* ColorAttributeTransformer.m */ = {isa = PBXFileReference; lastKnownFileType = sourcecode.c.objc; path = ColorAttributeTransformer.m; sourceTree = "<group>"; };
		4F21EE5D26874A8E0028432E /* BowTie.h */ = {isa = PBXFileReference; lastKnownFileType = sourcecode.c.h; path = BowTie.h; sourceTree = "<group>"; };
		4F21EE5E26874A8E0028432E /* BowTie.m */ = {isa = PBXFileReference; lastKnownFileType = sourcecode.c.objc; path = BowTie.m; sourceTree = "<group>"; };
		4F21EE6026875D6F0028432E /* SampleData.plist */ = {isa = PBXFileReference; fileEncoding = 4; lastKnownFileType = text.plist.xml; name = SampleData.plist; path = ../../Chapter1/HitList/SampleData.plist; sourceTree = "<group>"; };
/* End PBXFileReference section */

/* Begin PBXFrameworksBuildPhase section */
		4F21EE38268748050028432E /* Frameworks */ = {
			isa = PBXFrameworksBuildPhase;
			buildActionMask = 2147483647;
			files = (
			);
			runOnlyForDeploymentPostprocessing = 0;
		};
/* End PBXFrameworksBuildPhase section */

/* Begin PBXGroup section */
		4F21EE32268748050028432E = {
			isa = PBXGroup;
			children = (
				4F21EE3D268748050028432E /* BowTies */,
				4F21EE3C268748050028432E /* Products */,
			);
			sourceTree = "<group>";
		};
		4F21EE3C268748050028432E /* Products */ = {
			isa = PBXGroup;
			children = (
				4F21EE3B268748050028432E /* BowTies.app */,
			);
			name = Products;
			sourceTree = "<group>";
		};
		4F21EE3D268748050028432E /* BowTies */ = {
			isa = PBXGroup;
			children = (
				4F21EE3E268748050028432E /* AppDelegate.h */,
				4F21EE3F268748050028432E /* AppDelegate.m */,
				4F21EE41268748050028432E /* SceneDelegate.h */,
				4F21EE42268748050028432E /* SceneDelegate.m */,
				4F21EE44268748050028432E /* ViewController.h */,
				4F21EE45268748050028432E /* ViewController.m */,
				4F21EE47268748050028432E /* Main.storyboard */,
				4F21EE4D268748060028432E /* Assets.xcassets */,
				4F21EE4F268748060028432E /* LaunchScreen.storyboard */,
				4F21EE52268748060028432E /* Info.plist */,
				4F21EE53268748060028432E /* main.m */,
				4F21EE4A268748050028432E /* BowTies.xcdatamodeld */,
				4F21EE5A268749A70028432E /* ColorAttributeTransformer.h */,
				4F21EE5B268749A70028432E /* ColorAttributeTransformer.m */,
				4F21EE5D26874A8E0028432E /* BowTie.h */,
				4F21EE5E26874A8E0028432E /* BowTie.m */,
				4F21EE6026875D6F0028432E /* SampleData.plist */,
			);
			path = BowTies;
			sourceTree = "<group>";
		};
/* End PBXGroup section */

/* Begin PBXNativeTarget section */
		4F21EE3A268748050028432E /* BowTies */ = {
			isa = PBXNativeTarget;
			buildConfigurationList = 4F21EE57268748060028432E /* Build configuration list for PBXNativeTarget "BowTies" */;
			buildPhases = (
				4F21EE37268748050028432E /* Sources */,
				4F21EE38268748050028432E /* Frameworks */,
				4F21EE39268748050028432E /* Resources */,
			);
			buildRules = (
			);
			dependencies = (
			);
			name = BowTies;
			productName = BowTies;
			productReference = 4F21EE3B268748050028432E /* BowTies.app */;
			productType = "com.apple.product-type.application";
		};
/* End PBXNativeTarget section */

/* Begin PBXProject section */
		4F21EE33268748050028432E /* Project object */ = {
			isa = PBXProject;
			attributes = {
				BuildIndependentTargetsInParallel = 1;
				LastUpgradeCheck = 1300;
				TargetAttributes = {
					4F21EE3A268748050028432E = {
						CreatedOnToolsVersion = 13.0;
					};
				};
			};
			buildConfigurationList = 4F21EE36268748050028432E /* Build configuration list for PBXProject "BowTies" */;
			compatibilityVersion = "Xcode 12.0";
			developmentRegion = en;
			hasScannedForEncodings = 0;
			knownRegions = (
				en,
				Base,
			);
			mainGroup = 4F21EE32268748050028432E;
			productRefGroup = 4F21EE3C268748050028432E /* Products */;
			projectDirPath = "";
			projectRoot = "";
			targets = (
				4F21EE3A268748050028432E /* BowTies */,
			);
		};
/* End PBXProject section */

/* Begin PBXResourcesBuildPhase section */
		4F21EE39268748050028432E /* Resources */ = {
			isa = PBXResourcesBuildPhase;
			buildActionMask = 2147483647;
			files = (
				4F21EE51268748060028432E /* LaunchScreen.storyboard in Resources */,
				4F21EE4E268748060028432E /* Assets.xcassets in Resources */,
				4F21EE6126875D700028432E /* SampleData.plist in Resources */,
				4F21EE49268748050028432E /* Main.storyboard in Resources */,
			);
			runOnlyForDeploymentPostprocessing = 0;
		};
/* End PBXResourcesBuildPhase section */

/* Begin PBXSourcesBuildPhase section */
		4F21EE37268748050028432E /* Sources */ = {
			isa = PBXSourcesBuildPhase;
			buildActionMask = 2147483647;
			files = (
				4F21EE5C268749A70028432E /* ColorAttributeTransformer.m in Sources */,
				4F21EE54268748060028432E /* main.m in Sources */,
				4F21EE5F26874A8E0028432E /* BowTie.m in Sources */,
				4F21EE46268748050028432E /* ViewController.m in Sources */,
				4F21EE4C268748050028432E /* BowTies.xcdatamodeld in Sources */,
				4F21EE40268748050028432E /* AppDelegate.m in Sources */,
				4F21EE43268748050028432E /* SceneDelegate.m in Sources */,
			);
			runOnlyForDeploymentPostprocessing = 0;
		};
/* End PBXSourcesBuildPhase section */

/* Begin PBXVariantGroup section */
		4F21EE47268748050028432E /* Main.storyboard */ = {
			isa = PBXVariantGroup;
			children = (
				4F21EE48268748050028432E /* Base */,
			);
			name = Main.storyboard;
			sourceTree = "<group>";
		};
		4F21EE4F268748060028432E /* LaunchScreen.storyboard */ = {
			isa = PBXVariantGroup;
			children = (
				4F21EE50268748060028432E /* Base */,
			);
			name = LaunchScreen.storyboard;
			sourceTree = "<group>";
		};
/* End PBXVariantGroup section */

/* Begin XCBuildConfiguration section */
		4F21EE55268748060028432E /* Debug */ = {
			isa = XCBuildConfiguration;
			buildSettings = {
				ALWAYS_SEARCH_USER_PATHS = NO;
				CLANG_ANALYZER_NONNULL = YES;
				CLANG_ANALYZER_NUMBER_OBJECT_CONVERSION = YES_AGGRESSIVE;
				CLANG_CXX_LANGUAGE_STANDARD = "gnu++14";
				CLANG_CXX_LIBRARY = "libc++";
				CLANG_ENABLE_MODULES = YES;
				CLANG_ENABLE_OBJC_ARC = YES;
				CLANG_ENABLE_OBJC_WEAK = YES;
				CLANG_WARN_BLOCK_CAPTURE_AUTORELEASING = YES;
				CLANG_WARN_BOOL_CONVERSION = YES;
				CLANG_WARN_COMMA = YES;
				CLANG_WARN_CONSTANT_CONVERSION = YES;
				CLANG_WARN_DEPRECATED_OBJC_IMPLEMENTATIONS = YES;
				CLANG_WARN_DIRECT_OBJC_ISA_USAGE = YES_ERROR;
				CLANG_WARN_DOCUMENTATION_COMMENTS = YES;
				CLANG_WARN_EMPTY_BODY = YES;
				CLANG_WARN_ENUM_CONVERSION = YES;
				CLANG_WARN_INFINITE_RECURSION = YES;
				CLANG_WARN_INT_CONVERSION = YES;
				CLANG_WARN_NON_LITERAL_NULL_CONVERSION = YES;
				CLANG_WARN_OBJC_IMPLICIT_RETAIN_SELF = YES;
				CLANG_WARN_OBJC_LITERAL_CONVERSION = YES;
				CLANG_WARN_OBJC_ROOT_CLASS = YES_ERROR;
				CLANG_WARN_QUOTED_INCLUDE_IN_FRAMEWORK_HEADER = YES;
				CLANG_WARN_RANGE_LOOP_ANALYSIS = YES;
				CLANG_WARN_STRICT_PROTOTYPES = YES;
				CLANG_WARN_SUSPICIOUS_MOVE = YES;
				CLANG_WARN_UNGUARDED_AVAILABILITY = YES_AGGRESSIVE;
				CLANG_WARN_UNREACHABLE_CODE = YES;
				CLANG_WARN__DUPLICATE_METHOD_MATCH = YES;
				COPY_PHASE_STRIP = NO;
				DEBUG_INFORMATION_FORMAT = dwarf;
				ENABLE_STRICT_OBJC_MSGSEND = YES;
				ENABLE_TESTABILITY = YES;
				GCC_C_LANGUAGE_STANDARD = gnu11;
				GCC_DYNAMIC_NO_PIC = NO;
				GCC_NO_COMMON_BLOCKS = YES;
				GCC_OPTIMIZATION_LEVEL = 0;
				GCC_PREPROCESSOR_DEFINITIONS = (
					"DEBUG=1",
					"$(inherited)",
				);
				GCC_WARN_64_TO_32_BIT_CONVERSION = YES;
				GCC_WARN_ABOUT_RETURN_TYPE = YES_ERROR;
				GCC_WARN_UNDECLARED_SELECTOR = YES;
				GCC_WARN_UNINITIALIZED_AUTOS = YES_AGGRESSIVE;
				GCC_WARN_UNUSED_FUNCTION = YES;
				GCC_WARN_UNUSED_VARIABLE = YES;
				IPHONEOS_DEPLOYMENT_TARGET = 15.0;
				MTL_ENABLE_DEBUG_INFO = INCLUDE_SOURCE;
				MTL_FAST_MATH = YES;
				ONLY_ACTIVE_ARCH = YES;
				SDKROOT = iphoneos;
			};
			name = Debug;
		};
		4F21EE56268748060028432E /* Release */ = {
			isa = XCBuildConfiguration;
			buildSettings = {
				ALWAYS_SEARCH_USER_PATHS = NO;
				CLANG_ANALYZER_NONNULL = YES;
				CLANG_ANALYZER_NUMBER_OBJECT_CONVERSION = YES_AGGRESSIVE;
				CLANG_CXX_LANGUAGE_STANDARD = "gnu++14";
				CLANG_CXX_LIBRARY = "libc++";
				CLANG_ENABLE_MODULES = YES;
				CLANG_ENABLE_OBJC_ARC = YES;
				CLANG_ENABLE_OBJC_WEAK = YES;
				CLANG_WARN_BLOCK_CAPTURE_AUTORELEASING = YES;
				CLANG_WARN_BOOL_CONVERSION = YES;
				CLANG_WARN_COMMA = YES;
				CLANG_WARN_CONSTANT_CONVERSION = YES;
				CLANG_WARN_DEPRECATED_OBJC_IMPLEMENTATIONS = YES;
				CLANG_WARN_DIRECT_OBJC_ISA_USAGE = YES_ERROR;
				CLANG_WARN_DOCUMENTATION_COMMENTS = YES;
				CLANG_WARN_EMPTY_BODY = YES;
				CLANG_WARN_ENUM_CONVERSION = YES;
				CLANG_WARN_INFINITE_RECURSION = YES;
				CLANG_WARN_INT_CONVERSION = YES;
				CLANG_WARN_NON_LITERAL_NULL_CONVERSION = YES;
				CLANG_WARN_OBJC_IMPLICIT_RETAIN_SELF = YES;
				CLANG_WARN_OBJC_LITERAL_CONVERSION = YES;
				CLANG_WARN_OBJC_ROOT_CLASS = YES_ERROR;
				CLANG_WARN_QUOTED_INCLUDE_IN_FRAMEWORK_HEADER = YES;
				CLANG_WARN_RANGE_LOOP_ANALYSIS = YES;
				CLANG_WARN_STRICT_PROTOTYPES = YES;
				CLANG_WARN_SUSPICIOUS_MOVE = YES;
				CLANG_WARN_UNGUARDED_AVAILABILITY = YES_AGGRESSIVE;
				CLANG_WARN_UNREACHABLE_CODE = YES;
				CLANG_WARN__DUPLICATE_METHOD_MATCH = YES;
				COPY_PHASE_STRIP = NO;
				DEBUG_INFORMATION_FORMAT = "dwarf-with-dsym";
				ENABLE_NS_ASSERTIONS = NO;
				ENABLE_STRICT_OBJC_MSGSEND = YES;
				GCC_C_LANGUAGE_STANDARD = gnu11;
				GCC_NO_COMMON_BLOCKS = YES;
				GCC_WARN_64_TO_32_BIT_CONVERSION = YES;
				GCC_WARN_ABOUT_RETURN_TYPE = YES_ERROR;
				GCC_WARN_UNDECLARED_SELECTOR = YES;
				GCC_WARN_UNINITIALIZED_AUTOS = YES_AGGRESSIVE;
				GCC_WARN_UNUSED_FUNCTION = YES;
				GCC_WARN_UNUSED_VARIABLE = YES;
				IPHONEOS_DEPLOYMENT_TARGET = 15.0;
				MTL_ENABLE_DEBUG_INFO = NO;
				MTL_FAST_MATH = YES;
				SDKROOT = iphoneos;
				VALIDATE_PRODUCT = YES;
			};
			name = Release;
		};
		4F21EE58268748060028432E /* Debug */ = {
			isa = XCBuildConfiguration;
			buildSettings = {
				ASSETCATALOG_COMPILER_APPICON_NAME = AppIcon;
				ASSETCATALOG_COMPILER_GLOBAL_ACCENT_COLOR_NAME = AccentColor;
				CODE_SIGN_STYLE = Automatic;
				CURRENT_PROJECT_VERSION = 1;
				DEVELOPMENT_TEAM = P53D29U9LJ;
				GENERATE_INFOPLIST_FILE = YES;
				INFOPLIST_FILE = BowTies/Info.plist;
				INFOPLIST_KEY_UIApplicationSupportsIndirectInputEvents = YES;
				INFOPLIST_KEY_UILaunchStoryboardName = LaunchScreen;
				INFOPLIST_KEY_UIMainStoryboardFile = Main;
				INFOPLIST_KEY_UISupportedInterfaceOrientations_iPad = "UIInterfaceOrientationPortrait UIInterfaceOrientationPortraitUpsideDown UIInterfaceOrientationLandscapeLeft UIInterfaceOrientationLandscapeRight";
				INFOPLIST_KEY_UISupportedInterfaceOrientations_iPhone = "UIInterfaceOrientationPortrait UIInterfaceOrientationLandscapeLeft UIInterfaceOrientationLandscapeRight";
				LD_RUNPATH_SEARCH_PATHS = (
					"$(inherited)",
					"@executable_path/Frameworks",
				);
				MARKETING_VERSION = 1.0;
				PRODUCT_BUNDLE_IDENTIFIER = com.pookjw.BowTies;
				PRODUCT_NAME = "$(TARGET_NAME)";
				SWIFT_EMIT_LOC_STRINGS = YES;
				TARGETED_DEVICE_FAMILY = "1,2";
			};
			name = Debug;
		};
		4F21EE59268748060028432E /* Release */ = {
			isa = XCBuildConfiguration;
			buildSettings = {
				ASSETCATALOG_COMPILER_APPICON_NAME = AppIcon;
				ASSETCATALOG_COMPILER_GLOBAL_ACCENT_COLOR_NAME = AccentColor;
				CODE_SIGN_STYLE = Automatic;
				CURRENT_PROJECT_VERSION = 1;
				DEVELOPMENT_TEAM = P53D29U9LJ;
				GENERATE_INFOPLIST_FILE = YES;
				INFOPLIST_FILE = BowTies/Info.plist;
				INFOPLIST_KEY_UIApplicationSupportsIndirectInputEvents = YES;
				INFOPLIST_KEY_UILaunchStoryboardName = LaunchScreen;
				INFOPLIST_KEY_UIMainStoryboardFile = Main;
				INFOPLIST_KEY_UISupportedInterfaceOrientations_iPad = "UIInterfaceOrientationPortrait UIInterfaceOrientationPortraitUpsideDown UIInterfaceOrientationLandscapeLeft UIInterfaceOrientationLandscapeRight";
				INFOPLIST_KEY_UISupportedInterfaceOrientations_iPhone = "UIInterfaceOrientationPortrait UIInterfaceOrientationLandscapeLeft UIInterfaceOrientationLandscapeRight";
				LD_RUNPATH_SEARCH_PATHS = (
					"$(inherited)",
					"@executable_path/Frameworks",
				);
				MARKETING_VERSION = 1.0;
				PRODUCT_BUNDLE_IDENTIFIER = com.pookjw.BowTies;
				PRODUCT_NAME = "$(TARGET_NAME)";
				SWIFT_EMIT_LOC_STRINGS = YES;
				TARGETED_DEVICE_FAMILY = "1,2";
			};
			name = Release;
		};
/* End XCBuildConfiguration section */

/* Begin XCConfigurationList section */
		4F21EE36268748050028432E /* Build configuration list for PBXProject "BowTies" */ = {
			isa = XCConfigurationList;
			buildConfigurations = (
				4F21EE55268748060028432E /* Debug */,
				4F21EE56268748060028432E /* Release */,
			);
			defaultConfigurationIsVisible = 0;
			defaultConfigurationName = Release;
		};
		4F21EE57268748060028432E /* Build configuration list for PBXNativeTarget "BowTies" */ = {
			isa = XCConfigurationList;
			buildConfigurations = (
				4F21EE58268748060028432E /* Debug */,
				4F21EE59268748060028432E /* Release */,
			);
			defaultConfigurationIsVisible = 0;
			defaultConfigurationName = Release;
		};
/* End XCConfigurationList section */

/* Begin XCVersionGroup section */
		4F21EE4A268748050028432E /* BowTies.xcdatamodeld */ = {
			isa = XCVersionGroup;
			children = (
				4F21EE4B268748050028432E /* BowTies.xcdatamodel */,
			);
			currentVersion = 4F21EE4B268748050028432E /* BowTies.xcdatamodel */;
			path = BowTies.xcdatamodeld;
			sourceTree = "<group>";
			versionGroupType = wrapper.xcdatamodel;
		};
/* End XCVersionGroup section */
	};
	rootObject = 4F21EE33268748050028432E /* Project object */;
}
